# This file is autogenerated, do not edit; changes may be undone by the next 'dep ensure'.


[[projects]]
  name = "github.com/Strubbl/wallabago"
  packages = ["."]
  revision = "ad7fb12000c216018b3bb4d1cfebad87a61f4433"
  version = "4.0.0"

[[projects]]
  branch = "master"
  name = "github.com/dustin/go-humanize"
  packages = ["."]
  revision = "bb3d318650d48840a39aa21a027c6630e198e626"

[[projects]]
  name = "github.com/mattn/go-sqlite3"
  packages = ["."]
  revision = "6c771bb9887719704b210e87e934f08be014bdb1"
  version = "v1.6.0"

[[projects]]
  branch = "master"
  name = "github.com/nightlyone/lockfile"
  packages = ["."]
  revision = "6a197d5ea61168f2ac821de2b7f011b250904900"

[[projects]]
  name = "gopkg.in/natefinch/lumberjack.v2"
  packages = ["."]
  revision = "a96e63847dc3c67d17befa69c303767e2f84e54f"
  version = "v2.1"

[solve-meta]
  analyzer-name = "dep"
  analyzer-version = 1
  inputs-digest = "480f722e5dc8df86f4b76182bbefef346b203785e00d16b89e434bd9a447d852"
  solver-name = "gps-cdcl"
  solver-version = 1
