# This file is autogenerated, do not edit; changes may be undone by the next 'dep ensure'.


[[projects]]
  digest = "1:d043eaa60a167ec8f4d107310e48c1ad71d57d1e5410b9cc67005ff3e85d58f2"
  name = "github.com/Strubbl/wallabago"
  packages = ["."]
  pruneopts = ""
  revision = "ad7fb12000c216018b3bb4d1cfebad87a61f4433"
  version = "4.0.0"

[[projects]]
  branch = "master"
  digest = "1:ae162f9b5c46f6d5ff4bd53a3d78f72e2eb6676c11c5d33b8b106c36f87ddb31"
  name = "github.com/dustin/go-humanize"
  packages = ["."]
  pruneopts = ""
  revision = "bb3d318650d48840a39aa21a027c6630e198e626"

[[projects]]
  digest = "1:3fb35ae39e9624f72293618b8cdde0c9d47f67fd2bc208e4592e4b846291fc9f"
  name = "github.com/mattn/go-sqlite3"
  packages = ["."]
  pruneopts = ""
  revision = "6c771bb9887719704b210e87e934f08be014bdb1"
  version = "v1.6.0"

[[projects]]
  branch = "master"
  digest = "1:09b661e6a19992c3fef4ec71700d1f17dfe4640142e2918d6659cae3d62cb9d5"
  name = "github.com/nightlyone/lockfile"
  packages = ["."]
  pruneopts = ""
  revision = "6a197d5ea61168f2ac821de2b7f011b250904900"

[[projects]]
  digest = "1:11c58e19ff7ce22740423bb933f1ddca3bf575def40d5ac3437ec12871b1648b"
  name = "gopkg.in/natefinch/lumberjack.v2"
  packages = ["."]
  pruneopts = ""
  revision = "a96e63847dc3c67d17befa69c303767e2f84e54f"
  version = "v2.1"

[solve-meta]
  analyzer-name = "dep"
  analyzer-version = 1
  input-imports = [
    "github.com/Strubbl/wallabago",
    "github.com/dustin/go-humanize",
    "github.com/mattn/go-sqlite3",
    "github.com/nightlyone/lockfile",
    "gopkg.in/natefinch/lumberjack.v2",
  ]
  solver-name = "gps-cdcl"
  solver-version = 1
